// !$*UTF8*$!
{
	archiveVersion = 1;
	classes = {
	};
	objectVersion = 46;
	objects = {

/* Begin PBXBuildFile section */
		B8CCAE4A181E262600B9BA6D /* Foundation.framework in Frameworks */ = {isa = PBXBuildFile; fileRef = B8CCAE49181E262600B9BA6D /* Foundation.framework */; };
		B8CCAE4C181E262600B9BA6D /* CoreGraphics.framework in Frameworks */ = {isa = PBXBuildFile; fileRef = B8CCAE4B181E262600B9BA6D /* CoreGraphics.framework */; };
		B8CCAE4E181E262600B9BA6D /* UIKit.framework in Frameworks */ = {isa = PBXBuildFile; fileRef = B8CCAE4D181E262600B9BA6D /* UIKit.framework */; };
		B8CCAE54181E262600B9BA6D /* InfoPlist.strings in Resources */ = {isa = PBXBuildFile; fileRef = B8CCAE52181E262600B9BA6D /* InfoPlist.strings */; };
		B8CCAE56181E262600B9BA6D /* main.m in Sources */ = {isa = PBXBuildFile; fileRef = B8CCAE55181E262600B9BA6D /* main.m */; };
		B8CCAE5A181E262600B9BA6D /* AppDelegate.m in Sources */ = {isa = PBXBuildFile; fileRef = B8CCAE59181E262600B9BA6D /* AppDelegate.m */; };
		B8CCAE5D181E262600B9BA6D /* Main.storyboard in Resources */ = {isa = PBXBuildFile; fileRef = B8CCAE5B181E262600B9BA6D /* Main.storyboard */; };
		B8CCAE60181E262600B9BA6D /* ViewController.m in Sources */ = {isa = PBXBuildFile; fileRef = B8CCAE5F181E262600B9BA6D /* ViewController.m */; };
		B8CCAE62181E262600B9BA6D /* Images.xcassets in Resources */ = {isa = PBXBuildFile; fileRef = B8CCAE61181E262600B9BA6D /* Images.xcassets */; };
		B8CCAE69181E262600B9BA6D /* XCTest.framework in Frameworks */ = {isa = PBXBuildFile; fileRef = B8CCAE68181E262600B9BA6D /* XCTest.framework */; };
		B8CCAE6A181E262600B9BA6D /* Foundation.framework in Frameworks */ = {isa = PBXBuildFile; fileRef = B8CCAE49181E262600B9BA6D /* Foundation.framework */; };
		B8CCAE6B181E262600B9BA6D /* UIKit.framework in Frameworks */ = {isa = PBXBuildFile; fileRef = B8CCAE4D181E262600B9BA6D /* UIKit.framework */; };
		B8CCAE73181E262600B9BA6D /* InfoPlist.strings in Resources */ = {isa = PBXBuildFile; fileRef = B8CCAE71181E262600B9BA6D /* InfoPlist.strings */; };
		B8CCAE75181E262600B9BA6D /* MapAppTests.m in Sources */ = {isa = PBXBuildFile; fileRef = B8CCAE74181E262600B9BA6D /* MapAppTests.m */; };
		B8CCAE7F181E264A00B9BA6D /* MapKit.framework in Frameworks */ = {isa = PBXBuildFile; fileRef = B8CCAE7E181E264A00B9BA6D /* MapKit.framework */; };
/* End PBXBuildFile section */

/* Begin PBXContainerItemProxy section */
		B8CCAE6C181E262600B9BA6D /* PBXContainerItemProxy */ = {
			isa = PBXContainerItemProxy;
			containerPortal = B8CCAE3E181E262600B9BA6D /* Project object */;
			proxyType = 1;
			remoteGlobalIDString = B8CCAE45181E262600B9BA6D;
			remoteInfo = MapApp;
		};
/* End PBXContainerItemProxy section */

/* Begin PBXFileReference section */
		B8CCAE46181E262600B9BA6D /* MapApp.app */ = {isa = PBXFileReference; explicitFileType = wrapper.application; includeInIndex = 0; path = MapApp.app; sourceTree = BUILT_PRODUCTS_DIR; };
		B8CCAE49181E262600B9BA6D /* Foundation.framework */ = {isa = PBXFileReference; lastKnownFileType = wrapper.framework; name = Foundation.framework; path = System/Library/Frameworks/Foundation.framework; sourceTree = SDKROOT; };
		B8CCAE4B181E262600B9BA6D /* CoreGraphics.framework */ = {isa = PBXFileReference; lastKnownFileType = wrapper.framework; name = CoreGraphics.framework; path = System/Library/Frameworks/CoreGraphics.framework; sourceTree = SDKROOT; };
		B8CCAE4D181E262600B9BA6D /* UIKit.framework */ = {isa = PBXFileReference; lastKnownFileType = wrapper.framework; name = UIKit.framework; path = System/Library/Frameworks/UIKit.framework; sourceTree = SDKROOT; };
		B8CCAE51181E262600B9BA6D /* MapApp-Info.plist */ = {isa = PBXFileReference; lastKnownFileType = text.plist.xml; path = "MapApp-Info.plist"; sourceTree = "<group>"; };
		B8CCAE53181E262600B9BA6D /* en */ = {isa = PBXFileReference; lastKnownFileType = text.plist.strings; name = en; path = en.lproj/InfoPlist.strings; sourceTree = "<group>"; };
		B8CCAE55181E262600B9BA6D /* main.m */ = {isa = PBXFileReference; lastKnownFileType = sourcecode.c.objc; path = main.m; sourceTree = "<group>"; };
		B8CCAE57181E262600B9BA6D /* MapApp-Prefix.pch */ = {isa = PBXFileReference; lastKnownFileType = sourcecode.c.h; path = "MapApp-Prefix.pch"; sourceTree = "<group>"; };
		B8CCAE58181E262600B9BA6D /* AppDelegate.h */ = {isa = PBXFileReference; lastKnownFileType = sourcecode.c.h; path = AppDelegate.h; sourceTree = "<group>"; };
		B8CCAE59181E262600B9BA6D /* AppDelegate.m */ = {isa = PBXFileReference; lastKnownFileType = sourcecode.c.objc; path = AppDelegate.m; sourceTree = "<group>"; };
		B8CCAE5C181E262600B9BA6D /* Base */ = {isa = PBXFileReference; lastKnownFileType = file.storyboard; name = Base; path = Base.lproj/Main.storyboard; sourceTree = "<group>"; };
		B8CCAE5E181E262600B9BA6D /* ViewController.h */ = {isa = PBXFileReference; lastKnownFileType = sourcecode.c.h; path = ViewController.h; sourceTree = "<group>"; };
		B8CCAE5F181E262600B9BA6D /* ViewController.m */ = {isa = PBXFileReference; lastKnownFileType = sourcecode.c.objc; path = ViewController.m; sourceTree = "<group>"; };
		B8CCAE61181E262600B9BA6D /* Images.xcassets */ = {isa = PBXFileReference; lastKnownFileType = folder.assetcatalog; path = Images.xcassets; sourceTree = "<group>"; };
		B8CCAE67181E262600B9BA6D /* MapAppTests.xctest */ = {isa = PBXFileReference; explicitFileType = wrapper.cfbundle; includeInIndex = 0; path = MapAppTests.xctest; sourceTree = BUILT_PRODUCTS_DIR; };
		B8CCAE68181E262600B9BA6D /* XCTest.framework */ = {isa = PBXFileReference; lastKnownFileType = wrapper.framework; name = XCTest.framework; path = Library/Frameworks/XCTest.framework; sourceTree = DEVELOPER_DIR; };
		B8CCAE70181E262600B9BA6D /* MapAppTests-Info.plist */ = {isa = PBXFileReference; lastKnownFileType = text.plist.xml; path = "MapAppTests-Info.plist"; sourceTree = "<group>"; };
		B8CCAE72181E262600B9BA6D /* en */ = {isa = PBXFileReference; lastKnownFileType = text.plist.strings; name = en; path = en.lproj/InfoPlist.strings; sourceTree = "<group>"; };
		B8CCAE74181E262600B9BA6D /* MapAppTests.m */ = {isa = PBXFileReference; lastKnownFileType = sourcecode.c.objc; path = MapAppTests.m; sourceTree = "<group>"; };
		B8CCAE7E181E264A00B9BA6D /* MapKit.framework */ = {isa = PBXFileReference; lastKnownFileType = wrapper.framework; name = MapKit.framework; path = System/Library/Frameworks/MapKit.framework; sourceTree = SDKROOT; };
/* End PBXFileReference section */

/* Begin PBXFrameworksBuildPhase section */
		B8CCAE43181E262600B9BA6D /* Frameworks */ = {
			isa = PBXFrameworksBuildPhase;
			buildActionMask = 2147483647;
			files = (
				B8CCAE4C181E262600B9BA6D /* CoreGraphics.framework in Frameworks */,
				B8CCAE4E181E262600B9BA6D /* UIKit.framework in Frameworks */,
				B8CCAE7F181E264A00B9BA6D /* MapKit.framework in Frameworks */,
				B8CCAE4A181E262600B9BA6D /* Foundation.framework in Frameworks */,
			);
			runOnlyForDeploymentPostprocessing = 0;
		};
		B8CCAE64181E262600B9BA6D /* Frameworks */ = {
			isa = PBXFrameworksBuildPhase;
			buildActionMask = 2147483647;
			files = (
				B8CCAE69181E262600B9BA6D /* XCTest.framework in Frameworks */,
				B8CCAE6B181E262600B9BA6D /* UIKit.framework in Frameworks */,
				B8CCAE6A181E262600B9BA6D /* Foundation.framework in Frameworks */,
			);
			runOnlyForDeploymentPostprocessing = 0;
		};
/* End PBXFrameworksBuildPhase section */

/* Begin PBXGroup section */
		B8CCAE3D181E262600B9BA6D = {
			isa = PBXGroup;
			children = (
				B8CCAE4F181E262600B9BA6D /* MapApp */,
				B8CCAE6E181E262600B9BA6D /* MapAppTests */,
				B8CCAE48181E262600B9BA6D /* Frameworks */,
				B8CCAE47181E262600B9BA6D /* Products */,
			);
			sourceTree = "<group>";
		};
		B8CCAE47181E262600B9BA6D /* Products */ = {
			isa = PBXGroup;
			children = (
				B8CCAE46181E262600B9BA6D /* MapApp.app */,
				B8CCAE67181E262600B9BA6D /* MapAppTests.xctest */,
			);
			name = Products;
			sourceTree = "<group>";
		};
		B8CCAE48181E262600B9BA6D /* Frameworks */ = {
			isa = PBXGroup;
			children = (
				B8CCAE7E181E264A00B9BA6D /* MapKit.framework */,
				B8CCAE49181E262600B9BA6D /* Foundation.framework */,
				B8CCAE4B181E262600B9BA6D /* CoreGraphics.framework */,
				B8CCAE4D181E262600B9BA6D /* UIKit.framework */,
				B8CCAE68181E262600B9BA6D /* XCTest.framework */,
			);
			name = Frameworks;
			sourceTree = "<group>";
		};
		B8CCAE4F181E262600B9BA6D /* MapApp */ = {
			isa = PBXGroup;
			children = (
				B8CCAE58181E262600B9BA6D /* AppDelegate.h */,
				B8CCAE59181E262600B9BA6D /* AppDelegate.m */,
				B8CCAE5B181E262600B9BA6D /* Main.storyboard */,
				B8CCAE5E181E262600B9BA6D /* ViewController.h */,
				B8CCAE5F181E262600B9BA6D /* ViewController.m */,
				B8CCAE61181E262600B9BA6D /* Images.xcassets */,
				B8CCAE50181E262600B9BA6D /* Supporting Files */,
			);
			path = MapApp;
			sourceTree = "<group>";
		};
		B8CCAE50181E262600B9BA6D /* Supporting Files */ = {
			isa = PBXGroup;
			children = (
				B8CCAE51181E262600B9BA6D /* MapApp-Info.plist */,
				B8CCAE52181E262600B9BA6D /* InfoPlist.strings */,
				B8CCAE55181E262600B9BA6D /* main.m */,
				B8CCAE57181E262600B9BA6D /* MapApp-Prefix.pch */,
			);
			name = "Supporting Files";
			sourceTree = "<group>";
		};
		B8CCAE6E181E262600B9BA6D /* MapAppTests */ = {
			isa = PBXGroup;
			children = (
				B8CCAE74181E262600B9BA6D /* MapAppTests.m */,
				B8CCAE6F181E262600B9BA6D /* Supporting Files */,
			);
			path = MapAppTests;
			sourceTree = "<group>";
		};
		B8CCAE6F181E262600B9BA6D /* Supporting Files */ = {
			isa = PBXGroup;
			children = (
				B8CCAE70181E262600B9BA6D /* MapAppTests-Info.plist */,
				B8CCAE71181E262600B9BA6D /* InfoPlist.strings */,
			);
			name = "Supporting Files";
			sourceTree = "<group>";
		};
/* End PBXGroup section */

/* Begin PBXNativeTarget section */
		B8CCAE45181E262600B9BA6D /* MapApp */ = {
			isa = PBXNativeTarget;
			buildConfigurationList = B8CCAE78181E262600B9BA6D /* Build configuration list for PBXNativeTarget "MapApp" */;
			buildPhases = (
				B8CCAE42181E262600B9BA6D /* Sources */,
				B8CCAE43181E262600B9BA6D /* Frameworks */,
				B8CCAE44181E262600B9BA6D /* Resources */,
			);
			buildRules = (
			);
			dependencies = (
			);
			name = MapApp;
			productName = MapApp;
			productReference = B8CCAE46181E262600B9BA6D /* MapApp.app */;
			productType = "com.apple.product-type.application";
		};
		B8CCAE66181E262600B9BA6D /* MapAppTests */ = {
			isa = PBXNativeTarget;
			buildConfigurationList = B8CCAE7B181E262600B9BA6D /* Build configuration list for PBXNativeTarget "MapAppTests" */;
			buildPhases = (
				B8CCAE63181E262600B9BA6D /* Sources */,
				B8CCAE64181E262600B9BA6D /* Frameworks */,
				B8CCAE65181E262600B9BA6D /* Resources */,
			);
			buildRules = (
			);
			dependencies = (
				B8CCAE6D181E262600B9BA6D /* PBXTargetDependency */,
			);
			name = MapAppTests;
			productName = MapAppTests;
			productReference = B8CCAE67181E262600B9BA6D /* MapAppTests.xctest */;
			productType = "com.apple.product-type.bundle.unit-test";
		};
/* End PBXNativeTarget section */

/* Begin PBXProject section */
		B8CCAE3E181E262600B9BA6D /* Project object */ = {
			isa = PBXProject;
			attributes = {
				LastUpgradeCheck = 0500;
				ORGANIZATIONNAME = Classroom;
				TargetAttributes = {
					B8CCAE45181E262600B9BA6D = {
						SystemCapabilities = {
							com.apple.iOS = {
								enabled = 1;
							};
						};
					};
					B8CCAE66181E262600B9BA6D = {
						TestTargetID = B8CCAE45181E262600B9BA6D;
					};
				};
			};
			buildConfigurationList = B8CCAE41181E262600B9BA6D /* Build configuration list for PBXProject "MapApp" */;
			compatibilityVersion = "Xcode 3.2";
			developmentRegion = English;
			hasScannedForEncodings = 0;
			knownRegions = (
				en,
				Base,
			);
			mainGroup = B8CCAE3D181E262600B9BA6D;
			productRefGroup = B8CCAE47181E262600B9BA6D /* Products */;
			projectDirPath = "";
			projectRoot = "";
			targets = (
				B8CCAE45181E262600B9BA6D /* MapApp */,
				B8CCAE66181E262600B9BA6D /* MapAppTests */,
			);
		};
/* End PBXProject section */

/* Begin PBXResourcesBuildPhase section */
		B8CCAE44181E262600B9BA6D /* Resources */ = {
			isa = PBXResourcesBuildPhase;
			buildActionMask = 2147483647;
			files = (
				B8CCAE62181E262600B9BA6D /* Images.xcassets in Resources */,
				B8CCAE54181E262600B9BA6D /* InfoPlist.strings in Resources */,
				B8CCAE5D181E262600B9BA6D /* Main.storyboard in Resources */,
			);
			runOnlyForDeploymentPostprocessing = 0;
		};
		B8CCAE65181E262600B9BA6D /* Resources */ = {
			isa = PBXResourcesBuildPhase;
			buildActionMask = 2147483647;
			files = (
				B8CCAE73181E262600B9BA6D /* InfoPlist.strings in Resources */,
			);
			runOnlyForDeploymentPostprocessing = 0;
		};
/* End PBXResourcesBuildPhase section */

/* Begin PBXSourcesBuildPhase section */
		B8CCAE42181E262600B9BA6D /* Sources */ = {
			isa = PBXSourcesBuildPhase;
			buildActionMask = 2147483647;
			files = (
				B8CCAE60181E262600B9BA6D /* ViewController.m in Sources */,
				B8CCAE5A181E262600B9BA6D /* AppDelegate.m in Sources */,
				B8CCAE56181E262600B9BA6D /* main.m in Sources */,
			);
			runOnlyForDeploymentPostprocessing = 0;
		};
		B8CCAE63181E262600B9BA6D /* Sources */ = {
			isa = PBXSourcesBuildPhase;
			buildActionMask = 2147483647;
			files = (
				B8CCAE75181E262600B9BA6D /* MapAppTests.m in Sources */,
			);
			runOnlyForDeploymentPostprocessing = 0;
		};
/* End PBXSourcesBuildPhase section */

/* Begin PBXTargetDependency section */
		B8CCAE6D181E262600B9BA6D /* PBXTargetDependency */ = {
			isa = PBXTargetDependency;
			target = B8CCAE45181E262600B9BA6D /* MapApp */;
			targetProxy = B8CCAE6C181E262600B9BA6D /* PBXContainerItemProxy */;
		};
/* End PBXTargetDependency section */

/* Begin PBXVariantGroup section */
		B8CCAE52181E262600B9BA6D /* InfoPlist.strings */ = {
			isa = PBXVariantGroup;
			children = (
				B8CCAE53181E262600B9BA6D /* en */,
			);
			name = InfoPlist.strings;
			sourceTree = "<group>";
		};
		B8CCAE5B181E262600B9BA6D /* Main.storyboard */ = {
			isa = PBXVariantGroup;
			children = (
				B8CCAE5C181E262600B9BA6D /* Base */,
			);
			name = Main.storyboard;
			sourceTree = "<group>";
		};
		B8CCAE71181E262600B9BA6D /* InfoPlist.strings */ = {
			isa = PBXVariantGroup;
			children = (
				B8CCAE72181E262600B9BA6D /* en */,
			);
			name = InfoPlist.strings;
			sourceTree = "<group>";
		};
/* End PBXVariantGroup section */

/* Begin XCBuildConfiguration section */
		B8CCAE76181E262600B9BA6D /* Debug */ = {
			isa = XCBuildConfiguration;
			buildSettings = {
				ALWAYS_SEARCH_USER_PATHS = NO;
				ARCHS = "$(ARCHS_STANDARD_INCLUDING_64_BIT)";
				CLANG_CXX_LANGUAGE_STANDARD = "gnu++0x";
				CLANG_CXX_LIBRARY = "libc++";
				CLANG_ENABLE_MODULES = YES;
				CLANG_ENABLE_OBJC_ARC = YES;
				CLANG_WARN_BOOL_CONVERSION = YES;
				CLANG_WARN_CONSTANT_CONVERSION = YES;
				CLANG_WARN_DIRECT_OBJC_ISA_USAGE = YES_ERROR;
				CLANG_WARN_EMPTY_BODY = YES;
				CLANG_WARN_ENUM_CONVERSION = YES;
				CLANG_WARN_INT_CONVERSION = YES;
				CLANG_WARN_OBJC_ROOT_CLASS = YES_ERROR;
				CLANG_WARN__DUPLICATE_METHOD_MATCH = YES;
				"CODE_SIGN_IDENTITY[sdk=iphoneos*]" = "iPhone Developer";
				COPY_PHASE_STRIP = NO;
				GCC_C_LANGUAGE_STANDARD = gnu99;
				GCC_DYNAMIC_NO_PIC = NO;
				GCC_OPTIMIZATION_LEVEL = 0;
				GCC_PREPROCESSOR_DEFINITIONS = (
					"DEBUG=1",
					"$(inherited)",
				);
				GCC_SYMBOLS_PRIVATE_EXTERN = NO;
				GCC_WARN_64_TO_32_BIT_CONVERSION = YES;
				GCC_WARN_ABOUT_RETURN_TYPE = YES_ERROR;
				GCC_WARN_UNDECLARED_SELECTOR = YES;
				GCC_WARN_UNINITIALIZED_AUTOS = YES;
				GCC_WARN_UNUSED_FUNCTION = YES;
				GCC_WARN_UNUSED_VARIABLE = YES;
				IPHONEOS_DEPLOYMENT_TARGET = 7.0;
				ONLY_ACTIVE_ARCH = YES;
				SDKROOT = iphoneos;
			};
			name = Debug;
		};
		B8CCAE77181E262600B9BA6D /* Release */ = {
			isa = XCBuildConfiguration;
			buildSettings = {
				ALWAYS_SEARCH_USER_PATHS = NO;
				ARCHS = "$(ARCHS_STANDARD_INCLUDING_64_BIT)";
				CLANG_CXX_LANGUAGE_STANDARD = "gnu++0x";
				CLANG_CXX_LIBRARY = "libc++";
				CLANG_ENABLE_MODULES = YES;
				CLANG_ENABLE_OBJC_ARC = YES;
				CLANG_WARN_BOOL_CONVERSION = YES;
				CLANG_WARN_CONSTANT_CONVERSION = YES;
				CLANG_WARN_DIRECT_OBJC_ISA_USAGE = YES_ERROR;
				CLANG_WARN_EMPTY_BODY = YES;
				CLANG_WARN_ENUM_CONVERSION = YES;
				CLANG_WARN_INT_CONVERSION = YES;
				CLANG_WARN_OBJC_ROOT_CLASS = YES_ERROR;
				CLANG_WARN__DUPLICATE_METHOD_MATCH = YES;
				"CODE_SIGN_IDENTITY[sdk=iphoneos*]" = "iPhone Developer";
				COPY_PHASE_STRIP = YES;
				ENABLE_NS_ASSERTIONS = NO;
				GCC_C_LANGUAGE_STANDARD = gnu99;
				GCC_WARN_64_TO_32_BIT_CONVERSION = YES;
				GCC_WARN_ABOUT_RETURN_TYPE = YES_ERROR;
				GCC_WARN_UNDECLARED_SELECTOR = YES;
				GCC_WARN_UNINITIALIZED_AUTOS = YES;
				GCC_WARN_UNUSED_FUNCTION = YES;
				GCC_WARN_UNUSED_VARIABLE = YES;
				IPHONEOS_DEPLOYMENT_TARGET = 7.0;
				SDKROOT = iphoneos;
				VALIDATE_PRODUCT = YES;
			};
			name = Release;
		};
		B8CCAE79181E262600B9BA6D /* Debug */ = {
			isa = XCBuildConfiguration;
			buildSettings = {
				ASSETCATALOG_COMPILER_APPICON_NAME = AppIcon;
				ASSETCATALOG_COMPILER_LAUNCHIMAGE_NAME = LaunchImage;
				GCC_PRECOMPILE_PREFIX_HEADER = YES;
				GCC_PREFIX_HEADER = "MapApp/MapApp-Prefix.pch";
				INFOPLIST_FILE = "MapApp/MapApp-Info.plist";
				PRODUCT_NAME = "$(TARGET_NAME)";
				WRAPPER_EXTENSION = app;
			};
			name = Debug;
		};
		B8CCAE7A181E262600B9BA6D /* Release */ = {
			isa = XCBuildConfiguration;
			buildSettings = {
				ASSETCATALOG_COMPILER_APPICON_NAME = AppIcon;
				ASSETCATALOG_COMPILER_LAUNCHIMAGE_NAME = LaunchImage;
				GCC_PRECOMPILE_PREFIX_HEADER = YES;
				GCC_PREFIX_HEADER = "MapApp/MapApp-Prefix.pch";
				INFOPLIST_FILE = "MapApp/MapApp-Info.plist";
				PRODUCT_NAME = "$(TARGET_NAME)";
				WRAPPER_EXTENSION = app;
			};
			name = Release;
		};
		B8CCAE7C181E262600B9BA6D /* Debug */ = {
			isa = XCBuildConfiguration;
			buildSettings = {
				ARCHS = "$(ARCHS_STANDARD_INCLUDING_64_BIT)";
				BUNDLE_LOADER = "$(BUILT_PRODUCTS_DIR)/MapApp.app/MapApp";
				FRAMEWORK_SEARCH_PATHS = (
					"$(SDKROOT)/Developer/Library/Frameworks",
					"$(inherited)",
					"$(DEVELOPER_FRAMEWORKS_DIR)",
				);
				GCC_PRECOMPILE_PREFIX_HEADER = YES;
				GCC_PREFIX_HEADER = "MapApp/MapApp-Prefix.pch";
				GCC_PREPROCESSOR_DEFINITIONS = (
					"DEBUG=1",
					"$(inherited)",
				);
				INFOPLIST_FILE = "MapAppTests/MapAppTests-Info.plist";
				PRODUCT_NAME = "$(TARGET_NAME)";
				TEST_HOST = "$(BUNDLE_LOADER)";
				WRAPPER_EXTENSION = xctest;
			};
			name = Debug;
		};
		B8CCAE7D181E262600B9BA6D /* Release */ = {
			isa = XCBuildConfiguration;
			buildSettings = {
				ARCHS = "$(ARCHS_STANDARD_INCLUDING_64_BIT)";
				BUNDLE_LOADER = "$(BUILT_PRODUCTS_DIR)/MapApp.app/MapApp";
				FRAMEWORK_SEARCH_PATHS = (
					"$(SDKROOT)/Developer/Library/Frameworks",
					"$(inherited)",
					"$(DEVELOPER_FRAMEWORKS_DIR)",
				);
				GCC_PRECOMPILE_PREFIX_HEADER = YES;
				GCC_PREFIX_HEADER = "MapApp/MapApp-Prefix.pch";
				INFOPLIST_FILE = "MapAppTests/MapAppTests-Info.plist";
				PRODUCT_NAME = "$(TARGET_NAME)";
				TEST_HOST = "$(BUNDLE_LOADER)";
				WRAPPER_EXTENSION = xctest;
			};
			name = Release;
		};
/* End XCBuildConfiguration section */

/* Begin XCConfigurationList section */
		B8CCAE41181E262600B9BA6D /* Build configuration list for PBXProject "MapApp" */ = {
			isa = XCConfigurationList;
			buildConfigurations = (
				B8CCAE76181E262600B9BA6D /* Debug */,
				B8CCAE77181E262600B9BA6D /* Release */,
			);
			defaultConfigurationIsVisible = 0;
			defaultConfigurationName = Release;
		};
		B8CCAE78181E262600B9BA6D /* Build configuration list for PBXNativeTarget "MapApp" */ = {
			isa = XCConfigurationList;
			buildConfigurations = (
				B8CCAE79181E262600B9BA6D /* Debug */,
				B8CCAE7A181E262600B9BA6D /* Release */,
			);
			defaultConfigurationIsVisible = 0;
		};
		B8CCAE7B181E262600B9BA6D /* Build configuration list for PBXNativeTarget "MapAppTests" */ = {
			isa = XCConfigurationList;
			buildConfigurations = (
				B8CCAE7C181E262600B9BA6D /* Debug */,
				B8CCAE7D181E262600B9BA6D /* Release */,
			);
			defaultConfigurationIsVisible = 0;
		};
/* End XCConfigurationList section */
	};
	rootObject = B8CCAE3E181E262600B9BA6D /* Project object */;
}
