// !$*UTF8*$!
{
	archiveVersion = 1;
	classes = {
	};
	objectVersion = 46;
	objects = {

/* Begin PBXBuildFile section */
		B898AA24181F5F6A008F223A /* Foundation.framework in Frameworks */ = {isa = PBXBuildFile; fileRef = B898AA23181F5F6A008F223A /* Foundation.framework */; };
		B898AA26181F5F6A008F223A /* CoreGraphics.framework in Frameworks */ = {isa = PBXBuildFile; fileRef = B898AA25181F5F6A008F223A /* CoreGraphics.framework */; };
		B898AA28181F5F6A008F223A /* UIKit.framework in Frameworks */ = {isa = PBXBuildFile; fileRef = B898AA27181F5F6A008F223A /* UIKit.framework */; };
		B898AA2E181F5F6A008F223A /* InfoPlist.strings in Resources */ = {isa = PBXBuildFile; fileRef = B898AA2C181F5F6A008F223A /* InfoPlist.strings */; };
		B898AA30181F5F6A008F223A /* main.m in Sources */ = {isa = PBXBuildFile; fileRef = B898AA2F181F5F6A008F223A /* main.m */; };
		B898AA34181F5F6A008F223A /* AppDelegate.m in Sources */ = {isa = PBXBuildFile; fileRef = B898AA33181F5F6A008F223A /* AppDelegate.m */; };
		B898AA37181F5F6A008F223A /* Main.storyboard in Resources */ = {isa = PBXBuildFile; fileRef = B898AA35181F5F6A008F223A /* Main.storyboard */; };
		B898AA3A181F5F6A008F223A /* ViewController.m in Sources */ = {isa = PBXBuildFile; fileRef = B898AA39181F5F6A008F223A /* ViewController.m */; };
		B898AA3C181F5F6A008F223A /* Images.xcassets in Resources */ = {isa = PBXBuildFile; fileRef = B898AA3B181F5F6A008F223A /* Images.xcassets */; };
		B898AA43181F5F6A008F223A /* XCTest.framework in Frameworks */ = {isa = PBXBuildFile; fileRef = B898AA42181F5F6A008F223A /* XCTest.framework */; };
		B898AA44181F5F6A008F223A /* Foundation.framework in Frameworks */ = {isa = PBXBuildFile; fileRef = B898AA23181F5F6A008F223A /* Foundation.framework */; };
		B898AA45181F5F6A008F223A /* UIKit.framework in Frameworks */ = {isa = PBXBuildFile; fileRef = B898AA27181F5F6A008F223A /* UIKit.framework */; };
		B898AA4D181F5F6A008F223A /* InfoPlist.strings in Resources */ = {isa = PBXBuildFile; fileRef = B898AA4B181F5F6A008F223A /* InfoPlist.strings */; };
		B898AA4F181F5F6A008F223A /* NetworkingAppTests.m in Sources */ = {isa = PBXBuildFile; fileRef = B898AA4E181F5F6A008F223A /* NetworkingAppTests.m */; };
/* End PBXBuildFile section */

/* Begin PBXContainerItemProxy section */
		B898AA46181F5F6A008F223A /* PBXContainerItemProxy */ = {
			isa = PBXContainerItemProxy;
			containerPortal = B898AA18181F5F6A008F223A /* Project object */;
			proxyType = 1;
			remoteGlobalIDString = B898AA1F181F5F6A008F223A;
			remoteInfo = NetworkingApp;
		};
/* End PBXContainerItemProxy section */

/* Begin PBXFileReference section */
		B898AA20181F5F6A008F223A /* NetworkingApp.app */ = {isa = PBXFileReference; explicitFileType = wrapper.application; includeInIndex = 0; path = NetworkingApp.app; sourceTree = BUILT_PRODUCTS_DIR; };
		B898AA23181F5F6A008F223A /* Foundation.framework */ = {isa = PBXFileReference; lastKnownFileType = wrapper.framework; name = Foundation.framework; path = System/Library/Frameworks/Foundation.framework; sourceTree = SDKROOT; };
		B898AA25181F5F6A008F223A /* CoreGraphics.framework */ = {isa = PBXFileReference; lastKnownFileType = wrapper.framework; name = CoreGraphics.framework; path = System/Library/Frameworks/CoreGraphics.framework; sourceTree = SDKROOT; };
		B898AA27181F5F6A008F223A /* UIKit.framework */ = {isa = PBXFileReference; lastKnownFileType = wrapper.framework; name = UIKit.framework; path = System/Library/Frameworks/UIKit.framework; sourceTree = SDKROOT; };
		B898AA2B181F5F6A008F223A /* NetworkingApp-Info.plist */ = {isa = PBXFileReference; lastKnownFileType = text.plist.xml; path = "NetworkingApp-Info.plist"; sourceTree = "<group>"; };
		B898AA2D181F5F6A008F223A /* en */ = {isa = PBXFileReference; lastKnownFileType = text.plist.strings; name = en; path = en.lproj/InfoPlist.strings; sourceTree = "<group>"; };
		B898AA2F181F5F6A008F223A /* main.m */ = {isa = PBXFileReference; lastKnownFileType = sourcecode.c.objc; path = main.m; sourceTree = "<group>"; };
		B898AA31181F5F6A008F223A /* NetworkingApp-Prefix.pch */ = {isa = PBXFileReference; lastKnownFileType = sourcecode.c.h; path = "NetworkingApp-Prefix.pch"; sourceTree = "<group>"; };
		B898AA32181F5F6A008F223A /* AppDelegate.h */ = {isa = PBXFileReference; lastKnownFileType = sourcecode.c.h; path = AppDelegate.h; sourceTree = "<group>"; };
		B898AA33181F5F6A008F223A /* AppDelegate.m */ = {isa = PBXFileReference; lastKnownFileType = sourcecode.c.objc; path = AppDelegate.m; sourceTree = "<group>"; };
		B898AA36181F5F6A008F223A /* Base */ = {isa = PBXFileReference; lastKnownFileType = file.storyboard; name = Base; path = Base.lproj/Main.storyboard; sourceTree = "<group>"; };
		B898AA38181F5F6A008F223A /* ViewController.h */ = {isa = PBXFileReference; lastKnownFileType = sourcecode.c.h; path = ViewController.h; sourceTree = "<group>"; };
		B898AA39181F5F6A008F223A /* ViewController.m */ = {isa = PBXFileReference; lastKnownFileType = sourcecode.c.objc; path = ViewController.m; sourceTree = "<group>"; };
		B898AA3B181F5F6A008F223A /* Images.xcassets */ = {isa = PBXFileReference; lastKnownFileType = folder.assetcatalog; path = Images.xcassets; sourceTree = "<group>"; };
		B898AA41181F5F6A008F223A /* NetworkingAppTests.xctest */ = {isa = PBXFileReference; explicitFileType = wrapper.cfbundle; includeInIndex = 0; path = NetworkingAppTests.xctest; sourceTree = BUILT_PRODUCTS_DIR; };
		B898AA42181F5F6A008F223A /* XCTest.framework */ = {isa = PBXFileReference; lastKnownFileType = wrapper.framework; name = XCTest.framework; path = Library/Frameworks/XCTest.framework; sourceTree = DEVELOPER_DIR; };
		B898AA4A181F5F6A008F223A /* NetworkingAppTests-Info.plist */ = {isa = PBXFileReference; lastKnownFileType = text.plist.xml; path = "NetworkingAppTests-Info.plist"; sourceTree = "<group>"; };
		B898AA4C181F5F6A008F223A /* en */ = {isa = PBXFileReference; lastKnownFileType = text.plist.strings; name = en; path = en.lproj/InfoPlist.strings; sourceTree = "<group>"; };
		B898AA4E181F5F6A008F223A /* NetworkingAppTests.m */ = {isa = PBXFileReference; lastKnownFileType = sourcecode.c.objc; path = NetworkingAppTests.m; sourceTree = "<group>"; };
/* End PBXFileReference section */

/* Begin PBXFrameworksBuildPhase section */
		B898AA1D181F5F6A008F223A /* Frameworks */ = {
			isa = PBXFrameworksBuildPhase;
			buildActionMask = 2147483647;
			files = (
				B898AA26181F5F6A008F223A /* CoreGraphics.framework in Frameworks */,
				B898AA28181F5F6A008F223A /* UIKit.framework in Frameworks */,
				B898AA24181F5F6A008F223A /* Foundation.framework in Frameworks */,
			);
			runOnlyForDeploymentPostprocessing = 0;
		};
		B898AA3E181F5F6A008F223A /* Frameworks */ = {
			isa = PBXFrameworksBuildPhase;
			buildActionMask = 2147483647;
			files = (
				B898AA43181F5F6A008F223A /* XCTest.framework in Frameworks */,
				B898AA45181F5F6A008F223A /* UIKit.framework in Frameworks */,
				B898AA44181F5F6A008F223A /* Foundation.framework in Frameworks */,
			);
			runOnlyForDeploymentPostprocessing = 0;
		};
/* End PBXFrameworksBuildPhase section */

/* Begin PBXGroup section */
		B898AA17181F5F6A008F223A = {
			isa = PBXGroup;
			children = (
				B898AA29181F5F6A008F223A /* NetworkingApp */,
				B898AA48181F5F6A008F223A /* NetworkingAppTests */,
				B898AA22181F5F6A008F223A /* Frameworks */,
				B898AA21181F5F6A008F223A /* Products */,
			);
			sourceTree = "<group>";
		};
		B898AA21181F5F6A008F223A /* Products */ = {
			isa = PBXGroup;
			children = (
				B898AA20181F5F6A008F223A /* NetworkingApp.app */,
				B898AA41181F5F6A008F223A /* NetworkingAppTests.xctest */,
			);
			name = Products;
			sourceTree = "<group>";
		};
		B898AA22181F5F6A008F223A /* Frameworks */ = {
			isa = PBXGroup;
			children = (
				B898AA23181F5F6A008F223A /* Foundation.framework */,
				B898AA25181F5F6A008F223A /* CoreGraphics.framework */,
				B898AA27181F5F6A008F223A /* UIKit.framework */,
				B898AA42181F5F6A008F223A /* XCTest.framework */,
			);
			name = Frameworks;
			sourceTree = "<group>";
		};
		B898AA29181F5F6A008F223A /* NetworkingApp */ = {
			isa = PBXGroup;
			children = (
				B898AA32181F5F6A008F223A /* AppDelegate.h */,
				B898AA33181F5F6A008F223A /* AppDelegate.m */,
				B898AA35181F5F6A008F223A /* Main.storyboard */,
				B898AA38181F5F6A008F223A /* ViewController.h */,
				B898AA39181F5F6A008F223A /* ViewController.m */,
				B898AA3B181F5F6A008F223A /* Images.xcassets */,
				B898AA2A181F5F6A008F223A /* Supporting Files */,
			);
			path = NetworkingApp;
			sourceTree = "<group>";
		};
		B898AA2A181F5F6A008F223A /* Supporting Files */ = {
			isa = PBXGroup;
			children = (
				B898AA2B181F5F6A008F223A /* NetworkingApp-Info.plist */,
				B898AA2C181F5F6A008F223A /* InfoPlist.strings */,
				B898AA2F181F5F6A008F223A /* main.m */,
				B898AA31181F5F6A008F223A /* NetworkingApp-Prefix.pch */,
			);
			name = "Supporting Files";
			sourceTree = "<group>";
		};
		B898AA48181F5F6A008F223A /* NetworkingAppTests */ = {
			isa = PBXGroup;
			children = (
				B898AA4E181F5F6A008F223A /* NetworkingAppTests.m */,
				B898AA49181F5F6A008F223A /* Supporting Files */,
			);
			path = NetworkingAppTests;
			sourceTree = "<group>";
		};
		B898AA49181F5F6A008F223A /* Supporting Files */ = {
			isa = PBXGroup;
			children = (
				B898AA4A181F5F6A008F223A /* NetworkingAppTests-Info.plist */,
				B898AA4B181F5F6A008F223A /* InfoPlist.strings */,
			);
			name = "Supporting Files";
			sourceTree = "<group>";
		};
/* End PBXGroup section */

/* Begin PBXNativeTarget section */
		B898AA1F181F5F6A008F223A /* NetworkingApp */ = {
			isa = PBXNativeTarget;
			buildConfigurationList = B898AA52181F5F6A008F223A /* Build configuration list for PBXNativeTarget "NetworkingApp" */;
			buildPhases = (
				B898AA1C181F5F6A008F223A /* Sources */,
				B898AA1D181F5F6A008F223A /* Frameworks */,
				B898AA1E181F5F6A008F223A /* Resources */,
			);
			buildRules = (
			);
			dependencies = (
			);
			name = NetworkingApp;
			productName = NetworkingApp;
			productReference = B898AA20181F5F6A008F223A /* NetworkingApp.app */;
			productType = "com.apple.product-type.application";
		};
		B898AA40181F5F6A008F223A /* NetworkingAppTests */ = {
			isa = PBXNativeTarget;
			buildConfigurationList = B898AA55181F5F6A008F223A /* Build configuration list for PBXNativeTarget "NetworkingAppTests" */;
			buildPhases = (
				B898AA3D181F5F6A008F223A /* Sources */,
				B898AA3E181F5F6A008F223A /* Frameworks */,
				B898AA3F181F5F6A008F223A /* Resources */,
			);
			buildRules = (
			);
			dependencies = (
				B898AA47181F5F6A008F223A /* PBXTargetDependency */,
			);
			name = NetworkingAppTests;
			productName = NetworkingAppTests;
			productReference = B898AA41181F5F6A008F223A /* NetworkingAppTests.xctest */;
			productType = "com.apple.product-type.bundle.unit-test";
		};
/* End PBXNativeTarget section */

/* Begin PBXProject section */
		B898AA18181F5F6A008F223A /* Project object */ = {
			isa = PBXProject;
			attributes = {
				LastUpgradeCheck = 0500;
				ORGANIZATIONNAME = Classroom;
				TargetAttributes = {
					B898AA40181F5F6A008F223A = {
						TestTargetID = B898AA1F181F5F6A008F223A;
					};
				};
			};
			buildConfigurationList = B898AA1B181F5F6A008F223A /* Build configuration list for PBXProject "NetworkingApp" */;
			compatibilityVersion = "Xcode 3.2";
			developmentRegion = English;
			hasScannedForEncodings = 0;
			knownRegions = (
				en,
				Base,
			);
			mainGroup = B898AA17181F5F6A008F223A;
			productRefGroup = B898AA21181F5F6A008F223A /* Products */;
			projectDirPath = "";
			projectRoot = "";
			targets = (
				B898AA1F181F5F6A008F223A /* NetworkingApp */,
				B898AA40181F5F6A008F223A /* NetworkingAppTests */,
			);
		};
/* End PBXProject section */

/* Begin PBXResourcesBuildPhase section */
		B898AA1E181F5F6A008F223A /* Resources */ = {
			isa = PBXResourcesBuildPhase;
			buildActionMask = 2147483647;
			files = (
				B898AA3C181F5F6A008F223A /* Images.xcassets in Resources */,
				B898AA2E181F5F6A008F223A /* InfoPlist.strings in Resources */,
				B898AA37181F5F6A008F223A /* Main.storyboard in Resources */,
			);
			runOnlyForDeploymentPostprocessing = 0;
		};
		B898AA3F181F5F6A008F223A /* Resources */ = {
			isa = PBXResourcesBuildPhase;
			buildActionMask = 2147483647;
			files = (
				B898AA4D181F5F6A008F223A /* InfoPlist.strings in Resources */,
			);
			runOnlyForDeploymentPostprocessing = 0;
		};
/* End PBXResourcesBuildPhase section */

/* Begin PBXSourcesBuildPhase section */
		B898AA1C181F5F6A008F223A /* Sources */ = {
			isa = PBXSourcesBuildPhase;
			buildActionMask = 2147483647;
			files = (
				B898AA3A181F5F6A008F223A /* ViewController.m in Sources */,
				B898AA34181F5F6A008F223A /* AppDelegate.m in Sources */,
				B898AA30181F5F6A008F223A /* main.m in Sources */,
			);
			runOnlyForDeploymentPostprocessing = 0;
		};
		B898AA3D181F5F6A008F223A /* Sources */ = {
			isa = PBXSourcesBuildPhase;
			buildActionMask = 2147483647;
			files = (
				B898AA4F181F5F6A008F223A /* NetworkingAppTests.m in Sources */,
			);
			runOnlyForDeploymentPostprocessing = 0;
		};
/* End PBXSourcesBuildPhase section */

/* Begin PBXTargetDependency section */
		B898AA47181F5F6A008F223A /* PBXTargetDependency */ = {
			isa = PBXTargetDependency;
			target = B898AA1F181F5F6A008F223A /* NetworkingApp */;
			targetProxy = B898AA46181F5F6A008F223A /* PBXContainerItemProxy */;
		};
/* End PBXTargetDependency section */

/* Begin PBXVariantGroup section */
		B898AA2C181F5F6A008F223A /* InfoPlist.strings */ = {
			isa = PBXVariantGroup;
			children = (
				B898AA2D181F5F6A008F223A /* en */,
			);
			name = InfoPlist.strings;
			sourceTree = "<group>";
		};
		B898AA35181F5F6A008F223A /* Main.storyboard */ = {
			isa = PBXVariantGroup;
			children = (
				B898AA36181F5F6A008F223A /* Base */,
			);
			name = Main.storyboard;
			sourceTree = "<group>";
		};
		B898AA4B181F5F6A008F223A /* InfoPlist.strings */ = {
			isa = PBXVariantGroup;
			children = (
				B898AA4C181F5F6A008F223A /* en */,
			);
			name = InfoPlist.strings;
			sourceTree = "<group>";
		};
/* End PBXVariantGroup section */

/* Begin XCBuildConfiguration section */
		B898AA50181F5F6A008F223A /* Debug */ = {
			isa = XCBuildConfiguration;
			buildSettings = {
				ALWAYS_SEARCH_USER_PATHS = NO;
				ARCHS = "$(ARCHS_STANDARD_INCLUDING_64_BIT)";
				CLANG_CXX_LANGUAGE_STANDARD = "gnu++0x";
				CLANG_CXX_LIBRARY = "libc++";
				CLANG_ENABLE_MODULES = YES;
				CLANG_ENABLE_OBJC_ARC = YES;
				CLANG_WARN_BOOL_CONVERSION = YES;
				CLANG_WARN_CONSTANT_CONVERSION = YES;
				CLANG_WARN_DIRECT_OBJC_ISA_USAGE = YES_ERROR;
				CLANG_WARN_EMPTY_BODY = YES;
				CLANG_WARN_ENUM_CONVERSION = YES;
				CLANG_WARN_INT_CONVERSION = YES;
				CLANG_WARN_OBJC_ROOT_CLASS = YES_ERROR;
				CLANG_WARN__DUPLICATE_METHOD_MATCH = YES;
				"CODE_SIGN_IDENTITY[sdk=iphoneos*]" = "iPhone Developer";
				COPY_PHASE_STRIP = NO;
				GCC_C_LANGUAGE_STANDARD = gnu99;
				GCC_DYNAMIC_NO_PIC = NO;
				GCC_OPTIMIZATION_LEVEL = 0;
				GCC_PREPROCESSOR_DEFINITIONS = (
					"DEBUG=1",
					"$(inherited)",
				);
				GCC_SYMBOLS_PRIVATE_EXTERN = NO;
				GCC_WARN_64_TO_32_BIT_CONVERSION = YES;
				GCC_WARN_ABOUT_RETURN_TYPE = YES_ERROR;
				GCC_WARN_UNDECLARED_SELECTOR = YES;
				GCC_WARN_UNINITIALIZED_AUTOS = YES;
				GCC_WARN_UNUSED_FUNCTION = YES;
				GCC_WARN_UNUSED_VARIABLE = YES;
				IPHONEOS_DEPLOYMENT_TARGET = 7.0;
				ONLY_ACTIVE_ARCH = YES;
				SDKROOT = iphoneos;
			};
			name = Debug;
		};
		B898AA51181F5F6A008F223A /* Release */ = {
			isa = XCBuildConfiguration;
			buildSettings = {
				ALWAYS_SEARCH_USER_PATHS = NO;
				ARCHS = "$(ARCHS_STANDARD_INCLUDING_64_BIT)";
				CLANG_CXX_LANGUAGE_STANDARD = "gnu++0x";
				CLANG_CXX_LIBRARY = "libc++";
				CLANG_ENABLE_MODULES = YES;
				CLANG_ENABLE_OBJC_ARC = YES;
				CLANG_WARN_BOOL_CONVERSION = YES;
				CLANG_WARN_CONSTANT_CONVERSION = YES;
				CLANG_WARN_DIRECT_OBJC_ISA_USAGE = YES_ERROR;
				CLANG_WARN_EMPTY_BODY = YES;
				CLANG_WARN_ENUM_CONVERSION = YES;
				CLANG_WARN_INT_CONVERSION = YES;
				CLANG_WARN_OBJC_ROOT_CLASS = YES_ERROR;
				CLANG_WARN__DUPLICATE_METHOD_MATCH = YES;
				"CODE_SIGN_IDENTITY[sdk=iphoneos*]" = "iPhone Developer";
				COPY_PHASE_STRIP = YES;
				ENABLE_NS_ASSERTIONS = NO;
				GCC_C_LANGUAGE_STANDARD = gnu99;
				GCC_WARN_64_TO_32_BIT_CONVERSION = YES;
				GCC_WARN_ABOUT_RETURN_TYPE = YES_ERROR;
				GCC_WARN_UNDECLARED_SELECTOR = YES;
				GCC_WARN_UNINITIALIZED_AUTOS = YES;
				GCC_WARN_UNUSED_FUNCTION = YES;
				GCC_WARN_UNUSED_VARIABLE = YES;
				IPHONEOS_DEPLOYMENT_TARGET = 7.0;
				SDKROOT = iphoneos;
				VALIDATE_PRODUCT = YES;
			};
			name = Release;
		};
		B898AA53181F5F6A008F223A /* Debug */ = {
			isa = XCBuildConfiguration;
			buildSettings = {
				ASSETCATALOG_COMPILER_APPICON_NAME = AppIcon;
				ASSETCATALOG_COMPILER_LAUNCHIMAGE_NAME = LaunchImage;
				GCC_PRECOMPILE_PREFIX_HEADER = YES;
				GCC_PREFIX_HEADER = "NetworkingApp/NetworkingApp-Prefix.pch";
				INFOPLIST_FILE = "NetworkingApp/NetworkingApp-Info.plist";
				PRODUCT_NAME = "$(TARGET_NAME)";
				WRAPPER_EXTENSION = app;
			};
			name = Debug;
		};
		B898AA54181F5F6A008F223A /* Release */ = {
			isa = XCBuildConfiguration;
			buildSettings = {
				ASSETCATALOG_COMPILER_APPICON_NAME = AppIcon;
				ASSETCATALOG_COMPILER_LAUNCHIMAGE_NAME = LaunchImage;
				GCC_PRECOMPILE_PREFIX_HEADER = YES;
				GCC_PREFIX_HEADER = "NetworkingApp/NetworkingApp-Prefix.pch";
				INFOPLIST_FILE = "NetworkingApp/NetworkingApp-Info.plist";
				PRODUCT_NAME = "$(TARGET_NAME)";
				WRAPPER_EXTENSION = app;
			};
			name = Release;
		};
		B898AA56181F5F6A008F223A /* Debug */ = {
			isa = XCBuildConfiguration;
			buildSettings = {
				ARCHS = "$(ARCHS_STANDARD_INCLUDING_64_BIT)";
				BUNDLE_LOADER = "$(BUILT_PRODUCTS_DIR)/NetworkingApp.app/NetworkingApp";
				FRAMEWORK_SEARCH_PATHS = (
					"$(SDKROOT)/Developer/Library/Frameworks",
					"$(inherited)",
					"$(DEVELOPER_FRAMEWORKS_DIR)",
				);
				GCC_PRECOMPILE_PREFIX_HEADER = YES;
				GCC_PREFIX_HEADER = "NetworkingApp/NetworkingApp-Prefix.pch";
				GCC_PREPROCESSOR_DEFINITIONS = (
					"DEBUG=1",
					"$(inherited)",
				);
				INFOPLIST_FILE = "NetworkingAppTests/NetworkingAppTests-Info.plist";
				PRODUCT_NAME = "$(TARGET_NAME)";
				TEST_HOST = "$(BUNDLE_LOADER)";
				WRAPPER_EXTENSION = xctest;
			};
			name = Debug;
		};
		B898AA57181F5F6A008F223A /* Release */ = {
			isa = XCBuildConfiguration;
			buildSettings = {
				ARCHS = "$(ARCHS_STANDARD_INCLUDING_64_BIT)";
				BUNDLE_LOADER = "$(BUILT_PRODUCTS_DIR)/NetworkingApp.app/NetworkingApp";
				FRAMEWORK_SEARCH_PATHS = (
					"$(SDKROOT)/Developer/Library/Frameworks",
					"$(inherited)",
					"$(DEVELOPER_FRAMEWORKS_DIR)",
				);
				GCC_PRECOMPILE_PREFIX_HEADER = YES;
				GCC_PREFIX_HEADER = "NetworkingApp/NetworkingApp-Prefix.pch";
				INFOPLIST_FILE = "NetworkingAppTests/NetworkingAppTests-Info.plist";
				PRODUCT_NAME = "$(TARGET_NAME)";
				TEST_HOST = "$(BUNDLE_LOADER)";
				WRAPPER_EXTENSION = xctest;
			};
			name = Release;
		};
/* End XCBuildConfiguration section */

/* Begin XCConfigurationList section */
		B898AA1B181F5F6A008F223A /* Build configuration list for PBXProject "NetworkingApp" */ = {
			isa = XCConfigurationList;
			buildConfigurations = (
				B898AA50181F5F6A008F223A /* Debug */,
				B898AA51181F5F6A008F223A /* Release */,
			);
			defaultConfigurationIsVisible = 0;
			defaultConfigurationName = Release;
		};
		B898AA52181F5F6A008F223A /* Build configuration list for PBXNativeTarget "NetworkingApp" */ = {
			isa = XCConfigurationList;
			buildConfigurations = (
				B898AA53181F5F6A008F223A /* Debug */,
				B898AA54181F5F6A008F223A /* Release */,
			);
			defaultConfigurationIsVisible = 0;
		};
		B898AA55181F5F6A008F223A /* Build configuration list for PBXNativeTarget "NetworkingAppTests" */ = {
			isa = XCConfigurationList;
			buildConfigurations = (
				B898AA56181F5F6A008F223A /* Debug */,
				B898AA57181F5F6A008F223A /* Release */,
			);
			defaultConfigurationIsVisible = 0;
		};
/* End XCConfigurationList section */
	};
	rootObject = B898AA18181F5F6A008F223A /* Project object */;
}
